// !$*UTF8*$!
{
	archiveVersion = 1;
	classes = {
	};
	objectVersion = 56;
	objects = {

/* Begin PBXBuildFile section */
		630424C229A6747900A2B045 /* Lottie_DemoApp.swift in Sources */ = {isa = PBXBuildFile; fileRef = 630424C129A6747900A2B045 /* Lottie_DemoApp.swift */; };
		630424C429A6747900A2B045 /* ContentView.swift in Sources */ = {isa = PBXBuildFile; fileRef = 630424C329A6747900A2B045 /* ContentView.swift */; };
		630424C629A6747900A2B045 /* Assets.xcassets in Resources */ = {isa = PBXBuildFile; fileRef = 630424C529A6747900A2B045 /* Assets.xcassets */; };
		630424C929A6747900A2B045 /* Preview Assets.xcassets in Resources */ = {isa = PBXBuildFile; fileRef = 630424C829A6747900A2B045 /* Preview Assets.xcassets */; };
		630424D129A6753500A2B045 /* Lottie in Frameworks */ = {isa = PBXBuildFile; productRef = 630424D029A6753500A2B045 /* Lottie */; };
		630424D329A6755000A2B045 /* LottieView.swift in Sources */ = {isa = PBXBuildFile; fileRef = 630424D229A6755000A2B045 /* LottieView.swift */; };
		630424D529A67A3D00A2B045 /* loading.json in Resources */ = {isa = PBXBuildFile; fileRef = 630424D429A67A3D00A2B045 /* loading.json */; };
		630424D729A6804400A2B045 /* WebView.swift in Sources */ = {isa = PBXBuildFile; fileRef = 630424D629A6804400A2B045 /* WebView.swift */; };
		637362C529A68C830049354C /* MetalView.swift in Sources */ = {isa = PBXBuildFile; fileRef = 637362C429A68C830049354C /* MetalView.swift */; };
		637362C729A694E70049354C /* Shader.metal in Sources */ = {isa = PBXBuildFile; fileRef = 637362C629A694E70049354C /* Shader.metal */; };
/* End PBXBuildFile section */

/* Begin PBXFileReference section */
		630424BE29A6747900A2B045 /* Lottie_Demo.app */ = {isa = PBXFileReference; explicitFileType = wrapper.application; includeInIndex = 0; path = Lottie_Demo.app; sourceTree = BUILT_PRODUCTS_DIR; };
		630424C129A6747900A2B045 /* Lottie_DemoApp.swift */ = {isa = PBXFileReference; lastKnownFileType = sourcecode.swift; path = Lottie_DemoApp.swift; sourceTree = "<group>"; };
		630424C329A6747900A2B045 /* ContentView.swift */ = {isa = PBXFileReference; lastKnownFileType = sourcecode.swift; path = ContentView.swift; sourceTree = "<group>"; };
		630424C529A6747900A2B045 /* Assets.xcassets */ = {isa = PBXFileReference; lastKnownFileType = folder.assetcatalog; path = Assets.xcassets; sourceTree = "<group>"; };
		630424C829A6747900A2B045 /* Preview Assets.xcassets */ = {isa = PBXFileReference; lastKnownFileType = folder.assetcatalog; path = "Preview Assets.xcassets"; sourceTree = "<group>"; };
		630424D229A6755000A2B045 /* LottieView.swift */ = {isa = PBXFileReference; lastKnownFileType = sourcecode.swift; path = LottieView.swift; sourceTree = "<group>"; };
		630424D429A67A3D00A2B045 /* loading.json */ = {isa = PBXFileReference; fileEncoding = 4; lastKnownFileType = text.json; path = loading.json; sourceTree = "<group>"; };
		630424D629A6804400A2B045 /* WebView.swift */ = {isa = PBXFileReference; lastKnownFileType = sourcecode.swift; path = WebView.swift; sourceTree = "<group>"; };
		630424D829A683EA00A2B045 /* Lottie-Demo-Info.plist */ = {isa = PBXFileReference; lastKnownFileType = text.plist; path = "Lottie-Demo-Info.plist"; sourceTree = SOURCE_ROOT; };
		637362C429A68C830049354C /* MetalView.swift */ = {isa = PBXFileReference; lastKnownFileType = sourcecode.swift; path = MetalView.swift; sourceTree = "<group>"; };
		637362C629A694E70049354C /* Shader.metal */ = {isa = PBXFileReference; lastKnownFileType = sourcecode.metal; path = Shader.metal; sourceTree = "<group>"; };
/* End PBXFileReference section */

/* Begin PBXFrameworksBuildPhase section */
		630424BB29A6747900A2B045 /* Frameworks */ = {
			isa = PBXFrameworksBuildPhase;
			buildActionMask = 2147483647;
			files = (
				630424D129A6753500A2B045 /* Lottie in Frameworks */,
			);
			runOnlyForDeploymentPostprocessing = 0;
		};
/* End PBXFrameworksBuildPhase section */

/* Begin PBXGroup section */
		630424B529A6747800A2B045 = {
			isa = PBXGroup;
			children = (
				630424C029A6747900A2B045 /* Lottie_Demo */,
				630424BF29A6747900A2B045 /* Products */,
			);
			sourceTree = "<group>";
		};
		630424BF29A6747900A2B045 /* Products */ = {
			isa = PBXGroup;
			children = (
				630424BE29A6747900A2B045 /* Lottie_Demo.app */,
			);
			name = Products;
			sourceTree = "<group>";
		};
		630424C029A6747900A2B045 /* Lottie_Demo */ = {
			isa = PBXGroup;
			children = (
				630424D829A683EA00A2B045 /* Lottie-Demo-Info.plist */,
				630424D429A67A3D00A2B045 /* loading.json */,
				630424D629A6804400A2B045 /* WebView.swift */,
				630424C129A6747900A2B045 /* Lottie_DemoApp.swift */,
				630424C329A6747900A2B045 /* ContentView.swift */,
				630424D229A6755000A2B045 /* LottieView.swift */,
				630424C529A6747900A2B045 /* Assets.xcassets */,
				630424C729A6747900A2B045 /* Preview Content */,
				637362C429A68C830049354C /* MetalView.swift */,
				637362C629A694E70049354C /* Shader.metal */,
			);
			path = Lottie_Demo;
			sourceTree = "<group>";
		};
		630424C729A6747900A2B045 /* Preview Content */ = {
			isa = PBXGroup;
			children = (
				630424C829A6747900A2B045 /* Preview Assets.xcassets */,
			);
			path = "Preview Content";
			sourceTree = "<group>";
		};
/* End PBXGroup section */

/* Begin PBXNativeTarget section */
		630424BD29A6747900A2B045 /* Lottie_Demo */ = {
			isa = PBXNativeTarget;
			buildConfigurationList = 630424CC29A6747900A2B045 /* Build configuration list for PBXNativeTarget "Lottie_Demo" */;
			buildPhases = (
				630424BA29A6747900A2B045 /* Sources */,
				630424BB29A6747900A2B045 /* Frameworks */,
				630424BC29A6747900A2B045 /* Resources */,
			);
			buildRules = (
			);
			dependencies = (
			);
			name = Lottie_Demo;
			packageProductDependencies = (
				630424D029A6753500A2B045 /* Lottie */,
			);
			productName = Lottie_Demo;
			productReference = 630424BE29A6747900A2B045 /* Lottie_Demo.app */;
			productType = "com.apple.product-type.application";
		};
/* End PBXNativeTarget section */

/* Begin PBXProject section */
		630424B629A6747800A2B045 /* Project object */ = {
			isa = PBXProject;
			attributes = {
				BuildIndependentTargetsInParallel = 1;
				LastSwiftUpdateCheck = 1420;
				LastUpgradeCheck = 1420;
				TargetAttributes = {
					630424BD29A6747900A2B045 = {
						CreatedOnToolsVersion = 14.2;
					};
				};
			};
			buildConfigurationList = 630424B929A6747800A2B045 /* Build configuration list for PBXProject "Lottie_Demo" */;
			compatibilityVersion = "Xcode 14.0";
			developmentRegion = en;
			hasScannedForEncodings = 0;
			knownRegions = (
				en,
				Base,
			);
			mainGroup = 630424B529A6747800A2B045;
			packageReferences = (
				630424CF29A6753500A2B045 /* XCRemoteSwiftPackageReference "lottie-ios" */,
			);
			productRefGroup = 630424BF29A6747900A2B045 /* Products */;
			projectDirPath = "";
			projectRoot = "";
			targets = (
				630424BD29A6747900A2B045 /* Lottie_Demo */,
			);
		};
/* End PBXProject section */

/* Begin PBXResourcesBuildPhase section */
		630424BC29A6747900A2B045 /* Resources */ = {
			isa = PBXResourcesBuildPhase;
			buildActionMask = 2147483647;
			files = (
				630424C929A6747900A2B045 /* Preview Assets.xcassets in Resources */,
				630424C629A6747900A2B045 /* Assets.xcassets in Resources */,
				630424D529A67A3D00A2B045 /* loading.json in Resources */,
			);
			runOnlyForDeploymentPostprocessing = 0;
		};
/* End PBXResourcesBuildPhase section */

/* Begin PBXSourcesBuildPhase section */
		630424BA29A6747900A2B045 /* Sources */ = {
			isa = PBXSourcesBuildPhase;
			buildActionMask = 2147483647;
			files = (
				637362C729A694E70049354C /* Shader.metal in Sources */,
				630424C429A6747900A2B045 /* ContentView.swift in Sources */,
				630424D729A6804400A2B045 /* WebView.swift in Sources */,
				637362C529A68C830049354C /* MetalView.swift in Sources */,
				630424C229A6747900A2B045 /* Lottie_DemoApp.swift in Sources */,
				630424D329A6755000A2B045 /* LottieView.swift in Sources */,
			);
			runOnlyForDeploymentPostprocessing = 0;
		};
/* End PBXSourcesBuildPhase section */

/* Begin XCBuildConfiguration section */
		630424CA29A6747900A2B045 /* Debug */ = {
			isa = XCBuildConfiguration;
			buildSettings = {
				ALWAYS_SEARCH_USER_PATHS = NO;
				CLANG_ANALYZER_NONNULL = YES;
				CLANG_ANALYZER_NUMBER_OBJECT_CONVERSION = YES_AGGRESSIVE;
				CLANG_CXX_LANGUAGE_STANDARD = "gnu++20";
				CLANG_ENABLE_MODULES = YES;
				CLANG_ENABLE_OBJC_ARC = YES;
				CLANG_ENABLE_OBJC_WEAK = YES;
				CLANG_WARN_BLOCK_CAPTURE_AUTORELEASING = YES;
				CLANG_WARN_BOOL_CONVERSION = YES;
				CLANG_WARN_COMMA = YES;
				CLANG_WARN_CONSTANT_CONVERSION = YES;
				CLANG_WARN_DEPRECATED_OBJC_IMPLEMENTATIONS = YES;
				CLANG_WARN_DIRECT_OBJC_ISA_USAGE = YES_ERROR;
				CLANG_WARN_DOCUMENTATION_COMMENTS = YES;
				CLANG_WARN_EMPTY_BODY = YES;
				CLANG_WARN_ENUM_CONVERSION = YES;
				CLANG_WARN_INFINITE_RECURSION = YES;
				CLANG_WARN_INT_CONVERSION = YES;
				CLANG_WARN_NON_LITERAL_NULL_CONVERSION = YES;
				CLANG_WARN_OBJC_IMPLICIT_RETAIN_SELF = YES;
				CLANG_WARN_OBJC_LITERAL_CONVERSION = YES;
				CLANG_WARN_OBJC_ROOT_CLASS = YES_ERROR;
				CLANG_WARN_QUOTED_INCLUDE_IN_FRAMEWORK_HEADER = YES;
				CLANG_WARN_RANGE_LOOP_ANALYSIS = YES;
				CLANG_WARN_STRICT_PROTOTYPES = YES;
				CLANG_WARN_SUSPICIOUS_MOVE = YES;
				CLANG_WARN_UNGUARDED_AVAILABILITY = YES_AGGRESSIVE;
				CLANG_WARN_UNREACHABLE_CODE = YES;
				CLANG_WARN__DUPLICATE_METHOD_MATCH = YES;
				COPY_PHASE_STRIP = NO;
				DEBUG_INFORMATION_FORMAT = dwarf;
				ENABLE_STRICT_OBJC_MSGSEND = YES;
				ENABLE_TESTABILITY = YES;
				GCC_C_LANGUAGE_STANDARD = gnu11;
				GCC_DYNAMIC_NO_PIC = NO;
				GCC_NO_COMMON_BLOCKS = YES;
				GCC_OPTIMIZATION_LEVEL = 0;
				GCC_PREPROCESSOR_DEFINITIONS = (
					"DEBUG=1",
					"$(inherited)",
				);
				GCC_WARN_64_TO_32_BIT_CONVERSION = YES;
				GCC_WARN_ABOUT_RETURN_TYPE = YES_ERROR;
				GCC_WARN_UNDECLARED_SELECTOR = YES;
				GCC_WARN_UNINITIALIZED_AUTOS = YES_AGGRESSIVE;
				GCC_WARN_UNUSED_FUNCTION = YES;
				GCC_WARN_UNUSED_VARIABLE = YES;
				IPHONEOS_DEPLOYMENT_TARGET = 16.2;
				MTL_ENABLE_DEBUG_INFO = INCLUDE_SOURCE;
				MTL_FAST_MATH = YES;
				ONLY_ACTIVE_ARCH = YES;
				SDKROOT = iphoneos;
				SWIFT_ACTIVE_COMPILATION_CONDITIONS = DEBUG;
				SWIFT_OPTIMIZATION_LEVEL = "-Onone";
			};
			name = Debug;
		};
		630424CB29A6747900A2B045 /* Release */ = {
			isa = XCBuildConfiguration;
			buildSettings = {
				ALWAYS_SEARCH_USER_PATHS = NO;
				CLANG_ANALYZER_NONNULL = YES;
				CLANG_ANALYZER_NUMBER_OBJECT_CONVERSION = YES_AGGRESSIVE;
				CLANG_CXX_LANGUAGE_STANDARD = "gnu++20";
				CLANG_ENABLE_MODULES = YES;
				CLANG_ENABLE_OBJC_ARC = YES;
				CLANG_ENABLE_OBJC_WEAK = YES;
				CLANG_WARN_BLOCK_CAPTURE_AUTORELEASING = YES;
				CLANG_WARN_BOOL_CONVERSION = YES;
				CLANG_WARN_COMMA = YES;
				CLANG_WARN_CONSTANT_CONVERSION = YES;
				CLANG_WARN_DEPRECATED_OBJC_IMPLEMENTATIONS = YES;
				CLANG_WARN_DIRECT_OBJC_ISA_USAGE = YES_ERROR;
				CLANG_WARN_DOCUMENTATION_COMMENTS = YES;
				CLANG_WARN_EMPTY_BODY = YES;
				CLANG_WARN_ENUM_CONVERSION = YES;
				CLANG_WARN_INFINITE_RECURSION = YES;
				CLANG_WARN_INT_CONVERSION = YES;
				CLANG_WARN_NON_LITERAL_NULL_CONVERSION = YES;
				CLANG_WARN_OBJC_IMPLICIT_RETAIN_SELF = YES;
				CLANG_WARN_OBJC_LITERAL_CONVERSION = YES;
				CLANG_WARN_OBJC_ROOT_CLASS = YES_ERROR;
				CLANG_WARN_QUOTED_INCLUDE_IN_FRAMEWORK_HEADER = YES;
				CLANG_WARN_RANGE_LOOP_ANALYSIS = YES;
				CLANG_WARN_STRICT_PROTOTYPES = YES;
				CLANG_WARN_SUSPICIOUS_MOVE = YES;
				CLANG_WARN_UNGUARDED_AVAILABILITY = YES_AGGRESSIVE;
				CLANG_WARN_UNREACHABLE_CODE = YES;
				CLANG_WARN__DUPLICATE_METHOD_MATCH = YES;
				COPY_PHASE_STRIP = NO;
				DEBUG_INFORMATION_FORMAT = "dwarf-with-dsym";
				ENABLE_NS_ASSERTIONS = NO;
				ENABLE_STRICT_OBJC_MSGSEND = YES;
				GCC_C_LANGUAGE_STANDARD = gnu11;
				GCC_NO_COMMON_BLOCKS = YES;
				GCC_WARN_64_TO_32_BIT_CONVERSION = YES;
				GCC_WARN_ABOUT_RETURN_TYPE = YES_ERROR;
				GCC_WARN_UNDECLARED_SELECTOR = YES;
				GCC_WARN_UNINITIALIZED_AUTOS = YES_AGGRESSIVE;
				GCC_WARN_UNUSED_FUNCTION = YES;
				GCC_WARN_UNUSED_VARIABLE = YES;
				IPHONEOS_DEPLOYMENT_TARGET = 16.2;
				MTL_ENABLE_DEBUG_INFO = NO;
				MTL_FAST_MATH = YES;
				SDKROOT = iphoneos;
				SWIFT_COMPILATION_MODE = wholemodule;
				SWIFT_OPTIMIZATION_LEVEL = "-O";
				VALIDATE_PRODUCT = YES;
			};
			name = Release;
		};
		630424CD29A6747900A2B045 /* Debug */ = {
			isa = XCBuildConfiguration;
			buildSettings = {
				ASSETCATALOG_COMPILER_APPICON_NAME = AppIcon;
				ASSETCATALOG_COMPILER_GLOBAL_ACCENT_COLOR_NAME = AccentColor;
				CODE_SIGN_STYLE = Automatic;
				CURRENT_PROJECT_VERSION = 1;
				DEVELOPMENT_ASSET_PATHS = "\"Lottie_Demo/Preview Content\"";
				DEVELOPMENT_TEAM = 3W9F68ZTUJ;
				ENABLE_PREVIEWS = YES;
				GENERATE_INFOPLIST_FILE = YES;
				INFOPLIST_FILE = "Lottie-Demo-Info.plist";
				INFOPLIST_KEY_UIApplicationSceneManifest_Generation = YES;
				INFOPLIST_KEY_UIApplicationSupportsIndirectInputEvents = YES;
				INFOPLIST_KEY_UILaunchScreen_Generation = YES;
				INFOPLIST_KEY_UISupportedInterfaceOrientations_iPad = "UIInterfaceOrientationPortrait UIInterfaceOrientationPortraitUpsideDown UIInterfaceOrientationLandscapeLeft UIInterfaceOrientationLandscapeRight";
				INFOPLIST_KEY_UISupportedInterfaceOrientations_iPhone = "UIInterfaceOrientationPortrait UIInterfaceOrientationLandscapeLeft UIInterfaceOrientationLandscapeRight";
				LD_RUNPATH_SEARCH_PATHS = (
					"$(inherited)",
					"@executable_path/Frameworks",
				);
				MARKETING_VERSION = 1.0;
				PRODUCT_BUNDLE_IDENTIFIER = "ii.Lottie-Demo";
				PRODUCT_NAME = "$(TARGET_NAME)";
				SWIFT_EMIT_LOC_STRINGS = YES;
				SWIFT_VERSION = 5.0;
				TARGETED_DEVICE_FAMILY = "1,2";
			};
			name = Debug;
		};
		630424CE29A6747900A2B045 /* Release */ = {
			isa = XCBuildConfiguration;
			buildSettings = {
				ASSETCATALOG_COMPILER_APPICON_NAME = AppIcon;
				ASSETCATALOG_COMPILER_GLOBAL_ACCENT_COLOR_NAME = AccentColor;
				CODE_SIGN_STYLE = Automatic;
				CURRENT_PROJECT_VERSION = 1;
				DEVELOPMENT_ASSET_PATHS = "\"Lottie_Demo/Preview Content\"";
				DEVELOPMENT_TEAM = 3W9F68ZTUJ;
				ENABLE_PREVIEWS = YES;
				GENERATE_INFOPLIST_FILE = YES;
				INFOPLIST_FILE = "Lottie-Demo-Info.plist";
				INFOPLIST_KEY_UIApplicationSceneManifest_Generation = YES;
				INFOPLIST_KEY_UIApplicationSupportsIndirectInputEvents = YES;
				INFOPLIST_KEY_UILaunchScreen_Generation = YES;
				INFOPLIST_KEY_UISupportedInterfaceOrientations_iPad = "UIInterfaceOrientationPortrait UIInterfaceOrientationPortraitUpsideDown UIInterfaceOrientationLandscapeLeft UIInterfaceOrientationLandscapeRight";
				INFOPLIST_KEY_UISupportedInterfaceOrientations_iPhone = "UIInterfaceOrientationPortrait UIInterfaceOrientationLandscapeLeft UIInterfaceOrientationLandscapeRight";
				LD_RUNPATH_SEARCH_PATHS = (
					"$(inherited)",
					"@executable_path/Frameworks",
				);
				MARKETING_VERSION = 1.0;
				PRODUCT_BUNDLE_IDENTIFIER = "ii.Lottie-Demo";
				PRODUCT_NAME = "$(TARGET_NAME)";
				SWIFT_EMIT_LOC_STRINGS = YES;
				SWIFT_VERSION = 5.0;
				TARGETED_DEVICE_FAMILY = "1,2";
			};
			name = Release;
		};
/* End XCBuildConfiguration section */

/* Begin XCConfigurationList section */
		630424B929A6747800A2B045 /* Build configuration list for PBXProject "Lottie_Demo" */ = {
			isa = XCConfigurationList;
			buildConfigurations = (
				630424CA29A6747900A2B045 /* Debug */,
				630424CB29A6747900A2B045 /* Release */,
			);
			defaultConfigurationIsVisible = 0;
			defaultConfigurationName = Release;
		};
		630424CC29A6747900A2B045 /* Build configuration list for PBXNativeTarget "Lottie_Demo" */ = {
			isa = XCConfigurationList;
			buildConfigurations = (
				630424CD29A6747900A2B045 /* Debug */,
				630424CE29A6747900A2B045 /* Release */,
			);
			defaultConfigurationIsVisible = 0;
			defaultConfigurationName = Release;
		};
/* End XCConfigurationList section */

/* Begin XCRemoteSwiftPackageReference section */
		630424CF29A6753500A2B045 /* XCRemoteSwiftPackageReference "lottie-ios" */ = {
			isa = XCRemoteSwiftPackageReference;
			repositoryURL = "https://github.com/airbnb/lottie-ios.git";
			requirement = {
				kind = upToNextMajorVersion;
				minimumVersion = 4.0.0;
			};
		};
/* End XCRemoteSwiftPackageReference section */

/* Begin XCSwiftPackageProductDependency section */
		630424D029A6753500A2B045 /* Lottie */ = {
			isa = XCSwiftPackageProductDependency;
			package = 630424CF29A6753500A2B045 /* XCRemoteSwiftPackageReference "lottie-ios" */;
			productName = Lottie;
		};
/* End XCSwiftPackageProductDependency section */
	};
	rootObject = 630424B629A6747800A2B045 /* Project object */;
}
